# This file is automatically @generated by Cargo.
# It is not intended for manual editing.
version = 4

[[package]]
name = "benchmarks"
version = "0.1.0"

[[package]]
name = "chaos-tests"
version = "0.1.0"

[[package]]
name = "client"
version = "0.1.0"

[[package]]
name = "component-tests"
version = "0.1.0"

[[package]]
name = "e2e-tests"
version = "0.1.0"

[[package]]
name = "integration-tests"
version = "0.1.0"

[[package]]
name = "invariant-tests"
version = "0.1.0"

[[package]]
name = "test-utils"
version = "0.1.0"
