# This file is automatically @generated by Cargo.
# It is not intended for manual editing.
version = 4

[[package]]
name = "cortex"
version = "0.1.0"

[[package]]
name = "eip1193"
version = "0.1.0"

[[package]]
name = "kernel"
version = "0.1.0"

[[package]]
name = "main"
version = "0.1.0"

[[package]]
name = "relay"
version = "0.1.0"

[[package]]
name = "seal"
version = "0.1.0"

[[package]]
name = "state"
version = "0.1.0"
